
Microsoft Visual Studio Solution File, Format Version 12.00
# Visual Studio Version 16
VisualStudioVersion = 16.0.32929.386
MinimumVisualStudioVersion = 10.0.40219.1
Project("{FAE04EC0-301F-11D3-BF4B-00C04F79EFBC}") = "Yakout", "Yakout.csproj", "{B696B7C7-B8BC-4A69-8F72-8F60422140A9}"
EndProject
Project("{FAE04EC0-301F-11D3-BF4B-00C04F79EFBC}") = "Test", "..\Test\Test.csproj", "{F014A8A7-57AE-48BF-A252-3BFF3FAF9482}"
EndProject
Project("{FAE04EC0-301F-11D3-BF4B-00C04F79EFBC}") = "ReportDemo", "..\ReportDemo\ReportDemo.csproj", "{1567A6DD-A7E9-491C-85A9-84CCA659AB12}"
EndProject
Global
	GlobalSection(SolutionConfigurationPlatforms) = preSolution
		Debug|Any CPU = Debug|Any CPU
		Release|Any CPU = Release|Any CPU
	EndGlobalSection
	GlobalSection(ProjectConfigurationPlatforms) = postSolution
		{B696B7C7-B8BC-4A69-8F72-8F60422140A9}.Debug|Any CPU.ActiveCfg = Debug|Any CPU
		{B696B7C7-B8BC-4A69-8F72-8F60422140A9}.Debug|Any CPU.Build.0 = Debug|Any CPU
		{B696B7C7-B8BC-4A69-8F72-8F60422140A9}.Release|Any CPU.ActiveCfg = Release|Any CPU
		{B696B7C7-B8BC-4A69-8F72-8F60422140A9}.Release|Any CPU.Build.0 = Release|Any CPU
		{F014A8A7-57AE-48BF-A252-3BFF3FAF9482}.Debug|Any CPU.ActiveCfg = Debug|Any CPU
		{F014A8A7-57AE-48BF-A252-3BFF3FAF9482}.Debug|Any CPU.Build.0 = Debug|Any CPU
		{F014A8A7-57AE-48BF-A252-3BFF3FAF9482}.Release|Any CPU.ActiveCfg = Release|Any CPU
		{F014A8A7-57AE-48BF-A252-3BFF3FAF9482}.Release|Any CPU.Build.0 = Release|Any CPU
		{1567A6DD-A7E9-491C-85A9-84CCA659AB12}.Debug|Any CPU.ActiveCfg = Debug|Any CPU
		{1567A6DD-A7E9-491C-85A9-84CCA659AB12}.Debug|Any CPU.Build.0 = Debug|Any CPU
		{1567A6DD-A7E9-491C-85A9-84CCA659AB12}.Release|Any CPU.ActiveCfg = Release|Any CPU
		{1567A6DD-A7E9-491C-85A9-84CCA659AB12}.Release|Any CPU.Build.0 = Release|Any CPU
	EndGlobalSection
	GlobalSection(SolutionProperties) = preSolution
		HideSolutionNode = FALSE
	EndGlobalSection
	GlobalSection(ExtensibilityGlobals) = postSolution
		SolutionGuid = {026E0DDD-6B6F-46BB-9355-70B332E2D14E}
	EndGlobalSection
EndGlobal
